// !$*UTF8*$!
{
	archiveVersion = 1;
	classes = {
	};
	objectVersion = 46;
	objects = {

/* Begin PBXBuildFile section */
		8959E7281F4BFE350025D57A /* CategoryAndHistoryVC.m in Sources */ = {isa = PBXBuildFile; fileRef = 8959E7271F4BFE350025D57A /* CategoryAndHistoryVC.m */; };
		8959E7291F4BFE350025D57A /* CategoryAndHistoryVC.m in Sources */ = {isa = PBXBuildFile; fileRef = 8959E7271F4BFE350025D57A /* CategoryAndHistoryVC.m */; };
		8959E72A1F4BFE350025D57A /* CategoryAndHistoryVC.m in Sources */ = {isa = PBXBuildFile; fileRef = 8959E7271F4BFE350025D57A /* CategoryAndHistoryVC.m */; };
		8959E72D1F4BFE5E0025D57A /* HistoryVC.m in Sources */ = {isa = PBXBuildFile; fileRef = 8959E72C1F4BFE5E0025D57A /* HistoryVC.m */; };
		8959E72E1F4BFE5E0025D57A /* HistoryVC.m in Sources */ = {isa = PBXBuildFile; fileRef = 8959E72C1F4BFE5E0025D57A /* HistoryVC.m */; };
		8959E72F1F4BFE5E0025D57A /* HistoryVC.m in Sources */ = {isa = PBXBuildFile; fileRef = 8959E72C1F4BFE5E0025D57A /* HistoryVC.m */; };
		8959E7321F4C12250025D57A /* HistoryAnimationVC.m in Sources */ = {isa = PBXBuildFile; fileRef = 8959E7311F4C12250025D57A /* HistoryAnimationVC.m */; };
		8959E7331F4C12250025D57A /* HistoryAnimationVC.m in Sources */ = {isa = PBXBuildFile; fileRef = 8959E7311F4C12250025D57A /* HistoryAnimationVC.m */; };
		8959E7341F4C12250025D57A /* HistoryAnimationVC.m in Sources */ = {isa = PBXBuildFile; fileRef = 8959E7311F4C12250025D57A /* HistoryAnimationVC.m */; };
		8959E7AA1F4C238A0025D57A /* NBSSearchShopCategoryViewCellP.m in Sources */ = {isa = PBXBuildFile; fileRef = 8959E78E1F4C238A0025D57A /* NBSSearchShopCategoryViewCellP.m */; };
		8959E7AB1F4C238A0025D57A /* NBSSearchShopCategoryViewCellP.m in Sources */ = {isa = PBXBuildFile; fileRef = 8959E78E1F4C238A0025D57A /* NBSSearchShopCategoryViewCellP.m */; };
		8959E7AC1F4C238A0025D57A /* NBSSearchShopCategoryViewCellP.m in Sources */ = {isa = PBXBuildFile; fileRef = 8959E78E1F4C238A0025D57A /* NBSSearchShopCategoryViewCellP.m */; };
		8959E7AD1F4C238A0025D57A /* NBSSearchShopCategoryView.m in Sources */ = {isa = PBXBuildFile; fileRef = 8959E7911F4C238A0025D57A /* NBSSearchShopCategoryView.m */; };
		8959E7AE1F4C238A0025D57A /* NBSSearchShopCategoryView.m in Sources */ = {isa = PBXBuildFile; fileRef = 8959E7911F4C238A0025D57A /* NBSSearchShopCategoryView.m */; };
		8959E7AF1F4C238A0025D57A /* NBSSearchShopCategoryView.m in Sources */ = {isa = PBXBuildFile; fileRef = 8959E7911F4C238A0025D57A /* NBSSearchShopCategoryView.m */; };
		8959E7B01F4C238A0025D57A /* NBSSearchShopHistoryView.m in Sources */ = {isa = PBXBuildFile; fileRef = 8959E7931F4C238A0025D57A /* NBSSearchShopHistoryView.m */; };
		8959E7B11F4C238A0025D57A /* NBSSearchShopHistoryView.m in Sources */ = {isa = PBXBuildFile; fileRef = 8959E7931F4C238A0025D57A /* NBSSearchShopHistoryView.m */; };
		8959E7B21F4C238A0025D57A /* NBSSearchShopHistoryView.m in Sources */ = {isa = PBXBuildFile; fileRef = 8959E7931F4C238A0025D57A /* NBSSearchShopHistoryView.m */; };
		8959E7B31F4C238A0025D57A /* LLSearchResultListView.m in Sources */ = {isa = PBXBuildFile; fileRef = 8959E7951F4C238A0025D57A /* LLSearchResultListView.m */; };
		8959E7B41F4C238A0025D57A /* LLSearchResultListView.m in Sources */ = {isa = PBXBuildFile; fileRef = 8959E7951F4C238A0025D57A /* LLSearchResultListView.m */; };
		8959E7B51F4C238A0025D57A /* LLSearchResultListView.m in Sources */ = {isa = PBXBuildFile; fileRef = 8959E7951F4C238A0025D57A /* LLSearchResultListView.m */; };
		8959E7B61F4C238A0025D57A /* clearImage@2x.png in Resources */ = {isa = PBXBuildFile; fileRef = 8959E7971F4C238A0025D57A /* clearImage@2x.png */; };
		8959E7B71F4C238A0025D57A /* clearImage@2x.png in Resources */ = {isa = PBXBuildFile; fileRef = 8959E7971F4C238A0025D57A /* clearImage@2x.png */; };
		8959E7B81F4C238A0025D57A /* clearImage@2x.png in Resources */ = {isa = PBXBuildFile; fileRef = 8959E7971F4C238A0025D57A /* clearImage@2x.png */; };
		8959E7B91F4C238A0025D57A /* clearImage@3x.png in Resources */ = {isa = PBXBuildFile; fileRef = 8959E7981F4C238A0025D57A /* clearImage@3x.png */; };
		8959E7BA1F4C238A0025D57A /* clearImage@3x.png in Resources */ = {isa = PBXBuildFile; fileRef = 8959E7981F4C238A0025D57A /* clearImage@3x.png */; };
		8959E7BB1F4C238A0025D57A /* clearImage@3x.png in Resources */ = {isa = PBXBuildFile; fileRef = 8959E7981F4C238A0025D57A /* clearImage@3x.png */; };
		8959E7BC1F4C238A0025D57A /* search@2x.png in Resources */ = {isa = PBXBuildFile; fileRef = 8959E7991F4C238A0025D57A /* search@2x.png */; };
		8959E7BD1F4C238A0025D57A /* search@2x.png in Resources */ = {isa = PBXBuildFile; fileRef = 8959E7991F4C238A0025D57A /* search@2x.png */; };
		8959E7BE1F4C238A0025D57A /* search@2x.png in Resources */ = {isa = PBXBuildFile; fileRef = 8959E7991F4C238A0025D57A /* search@2x.png */; };
		8959E7BF1F4C238A0025D57A /* search@3x.png in Resources */ = {isa = PBXBuildFile; fileRef = 8959E79A1F4C238A0025D57A /* search@3x.png */; };
		8959E7C01F4C238A0025D57A /* search@3x.png in Resources */ = {isa = PBXBuildFile; fileRef = 8959E79A1F4C238A0025D57A /* search@3x.png */; };
		8959E7C11F4C238A0025D57A /* search@3x.png in Resources */ = {isa = PBXBuildFile; fileRef = 8959E79A1F4C238A0025D57A /* search@3x.png */; };
		8959E7C21F4C238A0025D57A /* LLSearchBar.m in Sources */ = {isa = PBXBuildFile; fileRef = 8959E79D1F4C238A0025D57A /* LLSearchBar.m */; };
		8959E7C31F4C238A0025D57A /* LLSearchBar.m in Sources */ = {isa = PBXBuildFile; fileRef = 8959E79D1F4C238A0025D57A /* LLSearchBar.m */; };
		8959E7C41F4C238A0025D57A /* LLSearchBar.m in Sources */ = {isa = PBXBuildFile; fileRef = 8959E79D1F4C238A0025D57A /* LLSearchBar.m */; };
		8959E7C51F4C238A0025D57A /* LLSearchNaviBarView.m in Sources */ = {isa = PBXBuildFile; fileRef = 8959E7A01F4C238A0025D57A /* LLSearchNaviBarView.m */; };
		8959E7C61F4C238A0025D57A /* LLSearchNaviBarView.m in Sources */ = {isa = PBXBuildFile; fileRef = 8959E7A01F4C238A0025D57A /* LLSearchNaviBarView.m */; };
		8959E7C71F4C238A0025D57A /* LLSearchNaviBarView.m in Sources */ = {isa = PBXBuildFile; fileRef = 8959E7A01F4C238A0025D57A /* LLSearchNaviBarView.m */; };
		8959E7C81F4C238A0025D57A /* LLNaviSearchHistorySaveBasePresenter.m in Sources */ = {isa = PBXBuildFile; fileRef = 8959E7A31F4C238A0025D57A /* LLNaviSearchHistorySaveBasePresenter.m */; };
		8959E7C91F4C238A0025D57A /* LLNaviSearchHistorySaveBasePresenter.m in Sources */ = {isa = PBXBuildFile; fileRef = 8959E7A31F4C238A0025D57A /* LLNaviSearchHistorySaveBasePresenter.m */; };
		8959E7CA1F4C238A0025D57A /* LLNaviSearchHistorySaveBasePresenter.m in Sources */ = {isa = PBXBuildFile; fileRef = 8959E7A31F4C238A0025D57A /* LLNaviSearchHistorySaveBasePresenter.m */; };
		8959E7D81F4C23ED0025D57A /* LLSearchHistorySaveUtils.m in Sources */ = {isa = PBXBuildFile; fileRef = 8959E7D21F4C23ED0025D57A /* LLSearchHistorySaveUtils.m */; };
		8959E7D91F4C23ED0025D57A /* LLSearchHistorySaveUtils.m in Sources */ = {isa = PBXBuildFile; fileRef = 8959E7D21F4C23ED0025D57A /* LLSearchHistorySaveUtils.m */; };
		8959E7DA1F4C23ED0025D57A /* LLSearchHistorySaveUtils.m in Sources */ = {isa = PBXBuildFile; fileRef = 8959E7D21F4C23ED0025D57A /* LLSearchHistorySaveUtils.m */; };
		8959E7DB1F4C23ED0025D57A /* LLTagViewUtils.m in Sources */ = {isa = PBXBuildFile; fileRef = 8959E7D41F4C23ED0025D57A /* LLTagViewUtils.m */; };
		8959E7DC1F4C23ED0025D57A /* LLTagViewUtils.m in Sources */ = {isa = PBXBuildFile; fileRef = 8959E7D41F4C23ED0025D57A /* LLTagViewUtils.m */; };
		8959E7DD1F4C23ED0025D57A /* LLTagViewUtils.m in Sources */ = {isa = PBXBuildFile; fileRef = 8959E7D41F4C23ED0025D57A /* LLTagViewUtils.m */; };
		8959E7E81F4C28310025D57A /* ZYHTFileNameConst.m in Sources */ = {isa = PBXBuildFile; fileRef = 8959E7E71F4C28310025D57A /* ZYHTFileNameConst.m */; };
		8959E7E91F4C28310025D57A /* ZYHTFileNameConst.m in Sources */ = {isa = PBXBuildFile; fileRef = 8959E7E71F4C28310025D57A /* ZYHTFileNameConst.m */; };
		8959E7EA1F4C28310025D57A /* ZYHTFileNameConst.m in Sources */ = {isa = PBXBuildFile; fileRef = 8959E7E71F4C28310025D57A /* ZYHTFileNameConst.m */; };
		8959E7F41F4C3A220025D57A /* HistorySearchVC.m in Sources */ = {isa = PBXBuildFile; fileRef = 8959E7F31F4C3A220025D57A /* HistorySearchVC.m */; };
		8959E7F51F4C3A220025D57A /* HistorySearchVC.m in Sources */ = {isa = PBXBuildFile; fileRef = 8959E7F31F4C3A220025D57A /* HistorySearchVC.m */; };
		8959E7F61F4C3A220025D57A /* HistorySearchVC.m in Sources */ = {isa = PBXBuildFile; fileRef = 8959E7F31F4C3A220025D57A /* HistorySearchVC.m */; };
		8959E7F91F4C3A560025D57A /* HistoryAndCategorySearchVC.m in Sources */ = {isa = PBXBuildFile; fileRef = 8959E7F81F4C3A560025D57A /* HistoryAndCategorySearchVC.m */; };
		8959E7FA1F4C3A560025D57A /* HistoryAndCategorySearchVC.m in Sources */ = {isa = PBXBuildFile; fileRef = 8959E7F81F4C3A560025D57A /* HistoryAndCategorySearchVC.m */; };
		8959E7FB1F4C3A560025D57A /* HistoryAndCategorySearchVC.m in Sources */ = {isa = PBXBuildFile; fileRef = 8959E7F81F4C3A560025D57A /* HistoryAndCategorySearchVC.m */; };
		8959E81C1F4C3B560025D57A /* HistoryAndCategorySearchCategoryViewP.m in Sources */ = {isa = PBXBuildFile; fileRef = 8959E81B1F4C3B560025D57A /* HistoryAndCategorySearchCategoryViewP.m */; };
		8959E81D1F4C3B560025D57A /* HistoryAndCategorySearchCategoryViewP.m in Sources */ = {isa = PBXBuildFile; fileRef = 8959E81B1F4C3B560025D57A /* HistoryAndCategorySearchCategoryViewP.m */; };
		8959E81E1F4C3B560025D57A /* HistoryAndCategorySearchCategoryViewP.m in Sources */ = {isa = PBXBuildFile; fileRef = 8959E81B1F4C3B560025D57A /* HistoryAndCategorySearchCategoryViewP.m */; };
		8959E8211F4C3B6D0025D57A /* HistoryAndCategorySearchHistroyViewP.m in Sources */ = {isa = PBXBuildFile; fileRef = 8959E8201F4C3B6D0025D57A /* HistoryAndCategorySearchHistroyViewP.m */; };
		8959E8221F4C3B6D0025D57A /* HistoryAndCategorySearchHistroyViewP.m in Sources */ = {isa = PBXBuildFile; fileRef = 8959E8201F4C3B6D0025D57A /* HistoryAndCategorySearchHistroyViewP.m */; };
		8959E8231F4C3B6D0025D57A /* HistoryAndCategorySearchHistroyViewP.m in Sources */ = {isa = PBXBuildFile; fileRef = 8959E8201F4C3B6D0025D57A /* HistoryAndCategorySearchHistroyViewP.m */; };
		8959E8261F4C3B780025D57A /* HistorySearchHistroyViewP.m in Sources */ = {isa = PBXBuildFile; fileRef = 8959E8251F4C3B780025D57A /* HistorySearchHistroyViewP.m */; };
		8959E8271F4C3B780025D57A /* HistorySearchHistroyViewP.m in Sources */ = {isa = PBXBuildFile; fileRef = 8959E8251F4C3B780025D57A /* HistorySearchHistroyViewP.m */; };
		8959E8281F4C3B780025D57A /* HistorySearchHistroyViewP.m in Sources */ = {isa = PBXBuildFile; fileRef = 8959E8251F4C3B780025D57A /* HistorySearchHistroyViewP.m */; };
		8959E82B1F4C3F0C0025D57A /* TagTypeModel.m in Sources */ = {isa = PBXBuildFile; fileRef = 8959E82A1F4C3F0C0025D57A /* TagTypeModel.m */; };
		8959E82C1F4C3F0C0025D57A /* TagTypeModel.m in Sources */ = {isa = PBXBuildFile; fileRef = 8959E82A1F4C3F0C0025D57A /* TagTypeModel.m */; };
		8959E82D1F4C3F0C0025D57A /* TagTypeModel.m in Sources */ = {isa = PBXBuildFile; fileRef = 8959E82A1F4C3F0C0025D57A /* TagTypeModel.m */; };
		898714D71F4ACAFC00795527 /* main.m in Sources */ = {isa = PBXBuildFile; fileRef = 898714D61F4ACAFC00795527 /* main.m */; };
		898714DA1F4ACAFC00795527 /* AppDelegate.m in Sources */ = {isa = PBXBuildFile; fileRef = 898714D91F4ACAFC00795527 /* AppDelegate.m */; };
		898714DD1F4ACAFC00795527 /* ViewController.m in Sources */ = {isa = PBXBuildFile; fileRef = 898714DC1F4ACAFC00795527 /* ViewController.m */; };
		898714E01F4ACAFC00795527 /* Main.storyboard in Resources */ = {isa = PBXBuildFile; fileRef = 898714DE1F4ACAFC00795527 /* Main.storyboard */; };
		898714E21F4ACAFC00795527 /* Assets.xcassets in Resources */ = {isa = PBXBuildFile; fileRef = 898714E11F4ACAFC00795527 /* Assets.xcassets */; };
		898714E51F4ACAFC00795527 /* LaunchScreen.storyboard in Resources */ = {isa = PBXBuildFile; fileRef = 898714E31F4ACAFC00795527 /* LaunchScreen.storyboard */; };
		898714F01F4ACAFC00795527 /* LLSearchViewControllerTests.m in Sources */ = {isa = PBXBuildFile; fileRef = 898714EF1F4ACAFC00795527 /* LLSearchViewControllerTests.m */; };
		898714FB1F4ACAFC00795527 /* LLSearchViewControllerUITests.m in Sources */ = {isa = PBXBuildFile; fileRef = 898714FA1F4ACAFC00795527 /* LLSearchViewControllerUITests.m */; };
		89AC97C81F5BBCEF00E82952 /* BaseCommonSearchVC.m in Sources */ = {isa = PBXBuildFile; fileRef = 89AC97C71F5BBCEF00E82952 /* BaseCommonSearchVC.m */; };
		89AC97C91F5BBCEF00E82952 /* BaseCommonSearchVC.m in Sources */ = {isa = PBXBuildFile; fileRef = 89AC97C71F5BBCEF00E82952 /* BaseCommonSearchVC.m */; };
		89AC97CA1F5BBCEF00E82952 /* BaseCommonSearchVC.m in Sources */ = {isa = PBXBuildFile; fileRef = 89AC97C71F5BBCEF00E82952 /* BaseCommonSearchVC.m */; };
		89AC97D21F5BE59F00E82952 /* LLSearchVCConst.m in Sources */ = {isa = PBXBuildFile; fileRef = 89AC97CD1F5BE59F00E82952 /* LLSearchVCConst.m */; };
		89AC97D31F5BE59F00E82952 /* LLSearchVCConst.m in Sources */ = {isa = PBXBuildFile; fileRef = 89AC97CD1F5BE59F00E82952 /* LLSearchVCConst.m */; };
		89AC97D41F5BE59F00E82952 /* LLSearchVCConst.m in Sources */ = {isa = PBXBuildFile; fileRef = 89AC97CD1F5BE59F00E82952 /* LLSearchVCConst.m */; };
		89AC97D51F5BE59F00E82952 /* UIColor+LLHex.m in Sources */ = {isa = PBXBuildFile; fileRef = 89AC97CF1F5BE59F00E82952 /* UIColor+LLHex.m */; };
		89AC97D61F5BE59F00E82952 /* UIColor+LLHex.m in Sources */ = {isa = PBXBuildFile; fileRef = 89AC97CF1F5BE59F00E82952 /* UIColor+LLHex.m */; };
		89AC97D71F5BE59F00E82952 /* UIColor+LLHex.m in Sources */ = {isa = PBXBuildFile; fileRef = 89AC97CF1F5BE59F00E82952 /* UIColor+LLHex.m */; };
		89AC97D81F5BE59F00E82952 /* UIView+LLRect.m in Sources */ = {isa = PBXBuildFile; fileRef = 89AC97D11F5BE59F00E82952 /* UIView+LLRect.m */; };
		89AC97D91F5BE59F00E82952 /* UIView+LLRect.m in Sources */ = {isa = PBXBuildFile; fileRef = 89AC97D11F5BE59F00E82952 /* UIView+LLRect.m */; };
		89AC97DA1F5BE59F00E82952 /* UIView+LLRect.m in Sources */ = {isa = PBXBuildFile; fileRef = 89AC97D11F5BE59F00E82952 /* UIView+LLRect.m */; };
		89AC97DD1F5BFCD900E82952 /* LLTestViewController.m in Sources */ = {isa = PBXBuildFile; fileRef = 89AC97DC1F5BFCD900E82952 /* LLTestViewController.m */; };
		89AC97DE1F5BFCD900E82952 /* LLTestViewController.m in Sources */ = {isa = PBXBuildFile; fileRef = 89AC97DC1F5BFCD900E82952 /* LLTestViewController.m */; };
		89AC97DF1F5BFCD900E82952 /* LLTestViewController.m in Sources */ = {isa = PBXBuildFile; fileRef = 89AC97DC1F5BFCD900E82952 /* LLTestViewController.m */; };
		89CA87821F4C41B10011F1FE /* LLNaviSearchBaseVC.m in Sources */ = {isa = PBXBuildFile; fileRef = 89CA87811F4C41B10011F1FE /* LLNaviSearchBaseVC.m */; };
		89CA87831F4C41B10011F1FE /* LLNaviSearchBaseVC.m in Sources */ = {isa = PBXBuildFile; fileRef = 89CA87811F4C41B10011F1FE /* LLNaviSearchBaseVC.m */; };
		89CA87841F4C41B10011F1FE /* LLNaviSearchBaseVC.m in Sources */ = {isa = PBXBuildFile; fileRef = 89CA87811F4C41B10011F1FE /* LLNaviSearchBaseVC.m */; };
/* End PBXBuildFile section */

/* Begin PBXContainerItemProxy section */
		898714EC1F4ACAFC00795527 /* PBXContainerItemProxy */ = {
			isa = PBXContainerItemProxy;
			containerPortal = 898714CA1F4ACAFC00795527 /* Project object */;
			proxyType = 1;
			remoteGlobalIDString = 898714D11F4ACAFC00795527;
			remoteInfo = LLSearchViewController;
		};
		898714F71F4ACAFC00795527 /* PBXContainerItemProxy */ = {
			isa = PBXContainerItemProxy;
			containerPortal = 898714CA1F4ACAFC00795527 /* Project object */;
			proxyType = 1;
			remoteGlobalIDString = 898714D11F4ACAFC00795527;
			remoteInfo = LLSearchViewController;
		};
/* End PBXContainerItemProxy section */

/* Begin PBXFileReference section */
		8959E7261F4BFE350025D57A /* CategoryAndHistoryVC.h */ = {isa = PBXFileReference; fileEncoding = 4; lastKnownFileType = sourcecode.c.h; path = CategoryAndHistoryVC.h; sourceTree = "<group>"; };
		8959E7271F4BFE350025D57A /* CategoryAndHistoryVC.m */ = {isa = PBXFileReference; fileEncoding = 4; lastKnownFileType = sourcecode.c.objc; path = CategoryAndHistoryVC.m; sourceTree = "<group>"; };
		8959E72B1F4BFE5E0025D57A /* HistoryVC.h */ = {isa = PBXFileReference; fileEncoding = 4; lastKnownFileType = sourcecode.c.h; path = HistoryVC.h; sourceTree = "<group>"; };
		8959E72C1F4BFE5E0025D57A /* HistoryVC.m */ = {isa = PBXFileReference; fileEncoding = 4; lastKnownFileType = sourcecode.c.objc; path = HistoryVC.m; sourceTree = "<group>"; };
		8959E7301F4C12250025D57A /* HistoryAnimationVC.h */ = {isa = PBXFileReference; fileEncoding = 4; lastKnownFileType = sourcecode.c.h; path = HistoryAnimationVC.h; sourceTree = "<group>"; };
		8959E7311F4C12250025D57A /* HistoryAnimationVC.m */ = {isa = PBXFileReference; fileEncoding = 4; lastKnownFileType = sourcecode.c.objc; path = HistoryAnimationVC.m; sourceTree = "<group>"; };
		8959E78D1F4C238A0025D57A /* NBSSearchShopCategoryViewCellP.h */ = {isa = PBXFileReference; fileEncoding = 4; lastKnownFileType = sourcecode.c.h; path = NBSSearchShopCategoryViewCellP.h; sourceTree = "<group>"; };
		8959E78E1F4C238A0025D57A /* NBSSearchShopCategoryViewCellP.m */ = {isa = PBXFileReference; fileEncoding = 4; lastKnownFileType = sourcecode.c.objc; path = NBSSearchShopCategoryViewCellP.m; sourceTree = "<group>"; };
		8959E7901F4C238A0025D57A /* NBSSearchShopCategoryView.h */ = {isa = PBXFileReference; fileEncoding = 4; lastKnownFileType = sourcecode.c.h; path = NBSSearchShopCategoryView.h; sourceTree = "<group>"; };
		8959E7911F4C238A0025D57A /* NBSSearchShopCategoryView.m */ = {isa = PBXFileReference; fileEncoding = 4; lastKnownFileType = sourcecode.c.objc; path = NBSSearchShopCategoryView.m; sourceTree = "<group>"; };
		8959E7921F4C238A0025D57A /* NBSSearchShopHistoryView.h */ = {isa = PBXFileReference; fileEncoding = 4; lastKnownFileType = sourcecode.c.h; path = NBSSearchShopHistoryView.h; sourceTree = "<group>"; };
		8959E7931F4C238A0025D57A /* NBSSearchShopHistoryView.m */ = {isa = PBXFileReference; fileEncoding = 4; lastKnownFileType = sourcecode.c.objc; path = NBSSearchShopHistoryView.m; sourceTree = "<group>"; };
		8959E7941F4C238A0025D57A /* LLSearchResultListView.h */ = {isa = PBXFileReference; fileEncoding = 4; lastKnownFileType = sourcecode.c.h; path = LLSearchResultListView.h; sourceTree = "<group>"; };
		8959E7951F4C238A0025D57A /* LLSearchResultListView.m */ = {isa = PBXFileReference; fileEncoding = 4; lastKnownFileType = sourcecode.c.objc; path = LLSearchResultListView.m; sourceTree = "<group>"; };
		8959E7971F4C238A0025D57A /* clearImage@2x.png */ = {isa = PBXFileReference; lastKnownFileType = image.png; path = "clearImage@2x.png"; sourceTree = "<group>"; };
		8959E7981F4C238A0025D57A /* clearImage@3x.png */ = {isa = PBXFileReference; lastKnownFileType = image.png; path = "clearImage@3x.png"; sourceTree = "<group>"; };
		8959E7991F4C238A0025D57A /* search@2x.png */ = {isa = PBXFileReference; lastKnownFileType = image.png; path = "search@2x.png"; sourceTree = "<group>"; };
		8959E79A1F4C238A0025D57A /* search@3x.png */ = {isa = PBXFileReference; lastKnownFileType = image.png; path = "search@3x.png"; sourceTree = "<group>"; };
		8959E79C1F4C238A0025D57A /* LLSearchBar.h */ = {isa = PBXFileReference; fileEncoding = 4; lastKnownFileType = sourcecode.c.h; path = LLSearchBar.h; sourceTree = "<group>"; };
		8959E79D1F4C238A0025D57A /* LLSearchBar.m */ = {isa = PBXFileReference; fileEncoding = 4; lastKnownFileType = sourcecode.c.objc; path = LLSearchBar.m; sourceTree = "<group>"; };
		8959E79F1F4C238A0025D57A /* LLSearchNaviBarView.h */ = {isa = PBXFileReference; fileEncoding = 4; lastKnownFileType = sourcecode.c.h; path = LLSearchNaviBarView.h; sourceTree = "<group>"; };
		8959E7A01F4C238A0025D57A /* LLSearchNaviBarView.m */ = {isa = PBXFileReference; fileEncoding = 4; lastKnownFileType = sourcecode.c.objc; path = LLSearchNaviBarView.m; sourceTree = "<group>"; };
		8959E7A21F4C238A0025D57A /* LLNaviSearchHistorySaveBasePresenter.h */ = {isa = PBXFileReference; fileEncoding = 4; lastKnownFileType = sourcecode.c.h; path = LLNaviSearchHistorySaveBasePresenter.h; sourceTree = "<group>"; };
		8959E7A31F4C238A0025D57A /* LLNaviSearchHistorySaveBasePresenter.m */ = {isa = PBXFileReference; fileEncoding = 4; lastKnownFileType = sourcecode.c.objc; path = LLNaviSearchHistorySaveBasePresenter.m; sourceTree = "<group>"; };
		8959E7D11F4C23ED0025D57A /* LLSearchHistorySaveUtils.h */ = {isa = PBXFileReference; fileEncoding = 4; lastKnownFileType = sourcecode.c.h; path = LLSearchHistorySaveUtils.h; sourceTree = "<group>"; };
		8959E7D21F4C23ED0025D57A /* LLSearchHistorySaveUtils.m */ = {isa = PBXFileReference; fileEncoding = 4; lastKnownFileType = sourcecode.c.objc; path = LLSearchHistorySaveUtils.m; sourceTree = "<group>"; };
		8959E7D31F4C23ED0025D57A /* LLTagViewUtils.h */ = {isa = PBXFileReference; fileEncoding = 4; lastKnownFileType = sourcecode.c.h; path = LLTagViewUtils.h; sourceTree = "<group>"; };
		8959E7D41F4C23ED0025D57A /* LLTagViewUtils.m */ = {isa = PBXFileReference; fileEncoding = 4; lastKnownFileType = sourcecode.c.objc; path = LLTagViewUtils.m; sourceTree = "<group>"; };
		8959E7E61F4C28310025D57A /* ZYHTFileNameConst.h */ = {isa = PBXFileReference; fileEncoding = 4; lastKnownFileType = sourcecode.c.h; path = ZYHTFileNameConst.h; sourceTree = "<group>"; };
		8959E7E71F4C28310025D57A /* ZYHTFileNameConst.m */ = {isa = PBXFileReference; fileEncoding = 4; lastKnownFileType = sourcecode.c.objc; path = ZYHTFileNameConst.m; sourceTree = "<group>"; };
		8959E7F21F4C3A220025D57A /* HistorySearchVC.h */ = {isa = PBXFileReference; fileEncoding = 4; lastKnownFileType = sourcecode.c.h; path = HistorySearchVC.h; sourceTree = "<group>"; };
		8959E7F31F4C3A220025D57A /* HistorySearchVC.m */ = {isa = PBXFileReference; fileEncoding = 4; lastKnownFileType = sourcecode.c.objc; path = HistorySearchVC.m; sourceTree = "<group>"; };
		8959E7F71F4C3A560025D57A /* HistoryAndCategorySearchVC.h */ = {isa = PBXFileReference; fileEncoding = 4; lastKnownFileType = sourcecode.c.h; path = HistoryAndCategorySearchVC.h; sourceTree = "<group>"; };
		8959E7F81F4C3A560025D57A /* HistoryAndCategorySearchVC.m */ = {isa = PBXFileReference; fileEncoding = 4; lastKnownFileType = sourcecode.c.objc; path = HistoryAndCategorySearchVC.m; sourceTree = "<group>"; };
		8959E81A1F4C3B560025D57A /* HistoryAndCategorySearchCategoryViewP.h */ = {isa = PBXFileReference; fileEncoding = 4; lastKnownFileType = sourcecode.c.h; path = HistoryAndCategorySearchCategoryViewP.h; sourceTree = "<group>"; };
		8959E81B1F4C3B560025D57A /* HistoryAndCategorySearchCategoryViewP.m */ = {isa = PBXFileReference; fileEncoding = 4; lastKnownFileType = sourcecode.c.objc; path = HistoryAndCategorySearchCategoryViewP.m; sourceTree = "<group>"; };
		8959E81F1F4C3B6D0025D57A /* HistoryAndCategorySearchHistroyViewP.h */ = {isa = PBXFileReference; fileEncoding = 4; lastKnownFileType = sourcecode.c.h; path = HistoryAndCategorySearchHistroyViewP.h; sourceTree = "<group>"; };
		8959E8201F4C3B6D0025D57A /* HistoryAndCategorySearchHistroyViewP.m */ = {isa = PBXFileReference; fileEncoding = 4; lastKnownFileType = sourcecode.c.objc; path = HistoryAndCategorySearchHistroyViewP.m; sourceTree = "<group>"; };
		8959E8241F4C3B780025D57A /* HistorySearchHistroyViewP.h */ = {isa = PBXFileReference; fileEncoding = 4; lastKnownFileType = sourcecode.c.h; path = HistorySearchHistroyViewP.h; sourceTree = "<group>"; };
		8959E8251F4C3B780025D57A /* HistorySearchHistroyViewP.m */ = {isa = PBXFileReference; fileEncoding = 4; lastKnownFileType = sourcecode.c.objc; path = HistorySearchHistroyViewP.m; sourceTree = "<group>"; };
		8959E8291F4C3F0C0025D57A /* TagTypeModel.h */ = {isa = PBXFileReference; fileEncoding = 4; lastKnownFileType = sourcecode.c.h; path = TagTypeModel.h; sourceTree = "<group>"; };
		8959E82A1F4C3F0C0025D57A /* TagTypeModel.m */ = {isa = PBXFileReference; fileEncoding = 4; lastKnownFileType = sourcecode.c.objc; path = TagTypeModel.m; sourceTree = "<group>"; };
		898714D21F4ACAFC00795527 /* LLSearchViewController.app */ = {isa = PBXFileReference; explicitFileType = wrapper.application; includeInIndex = 0; path = LLSearchViewController.app; sourceTree = BUILT_PRODUCTS_DIR; };
		898714D61F4ACAFC00795527 /* main.m */ = {isa = PBXFileReference; lastKnownFileType = sourcecode.c.objc; path = main.m; sourceTree = "<group>"; };
		898714D81F4ACAFC00795527 /* AppDelegate.h */ = {isa = PBXFileReference; lastKnownFileType = sourcecode.c.h; path = AppDelegate.h; sourceTree = "<group>"; };
		898714D91F4ACAFC00795527 /* AppDelegate.m */ = {isa = PBXFileReference; lastKnownFileType = sourcecode.c.objc; path = AppDelegate.m; sourceTree = "<group>"; };
		898714DB1F4ACAFC00795527 /* ViewController.h */ = {isa = PBXFileReference; lastKnownFileType = sourcecode.c.h; path = ViewController.h; sourceTree = "<group>"; };
		898714DC1F4ACAFC00795527 /* ViewController.m */ = {isa = PBXFileReference; lastKnownFileType = sourcecode.c.objc; path = ViewController.m; sourceTree = "<group>"; };
		898714DF1F4ACAFC00795527 /* Base */ = {isa = PBXFileReference; lastKnownFileType = file.storyboard; name = Base; path = Base.lproj/Main.storyboard; sourceTree = "<group>"; };
		898714E11F4ACAFC00795527 /* Assets.xcassets */ = {isa = PBXFileReference; lastKnownFileType = folder.assetcatalog; path = Assets.xcassets; sourceTree = "<group>"; };
		898714E41F4ACAFC00795527 /* Base */ = {isa = PBXFileReference; lastKnownFileType = file.storyboard; name = Base; path = Base.lproj/LaunchScreen.storyboard; sourceTree = "<group>"; };
		898714E61F4ACAFC00795527 /* Info.plist */ = {isa = PBXFileReference; lastKnownFileType = text.plist.xml; path = Info.plist; sourceTree = "<group>"; };
		898714EB1F4ACAFC00795527 /* LLSearchViewControllerTests.xctest */ = {isa = PBXFileReference; explicitFileType = wrapper.cfbundle; includeInIndex = 0; path = LLSearchViewControllerTests.xctest; sourceTree = BUILT_PRODUCTS_DIR; };
		898714EF1F4ACAFC00795527 /* LLSearchViewControllerTests.m */ = {isa = PBXFileReference; lastKnownFileType = sourcecode.c.objc; path = LLSearchViewControllerTests.m; sourceTree = "<group>"; };
		898714F11F4ACAFC00795527 /* Info.plist */ = {isa = PBXFileReference; lastKnownFileType = text.plist.xml; path = Info.plist; sourceTree = "<group>"; };
		898714F61F4ACAFC00795527 /* LLSearchViewControllerUITests.xctest */ = {isa = PBXFileReference; explicitFileType = wrapper.cfbundle; includeInIndex = 0; path = LLSearchViewControllerUITests.xctest; sourceTree = BUILT_PRODUCTS_DIR; };
		898714FA1F4ACAFC00795527 /* LLSearchViewControllerUITests.m */ = {isa = PBXFileReference; lastKnownFileType = sourcecode.c.objc; path = LLSearchViewControllerUITests.m; sourceTree = "<group>"; };
		898714FC1F4ACAFC00795527 /* Info.plist */ = {isa = PBXFileReference; lastKnownFileType = text.plist.xml; path = Info.plist; sourceTree = "<group>"; };
		89AC97C61F5BBCEF00E82952 /* BaseCommonSearchVC.h */ = {isa = PBXFileReference; fileEncoding = 4; lastKnownFileType = sourcecode.c.h; path = BaseCommonSearchVC.h; sourceTree = "<group>"; };
		89AC97C71F5BBCEF00E82952 /* BaseCommonSearchVC.m */ = {isa = PBXFileReference; fileEncoding = 4; lastKnownFileType = sourcecode.c.objc; path = BaseCommonSearchVC.m; sourceTree = "<group>"; };
		89AC97CC1F5BE59F00E82952 /* LLSearchVCConst.h */ = {isa = PBXFileReference; fileEncoding = 4; lastKnownFileType = sourcecode.c.h; path = LLSearchVCConst.h; sourceTree = "<group>"; };
		89AC97CD1F5BE59F00E82952 /* LLSearchVCConst.m */ = {isa = PBXFileReference; fileEncoding = 4; lastKnownFileType = sourcecode.c.objc; path = LLSearchVCConst.m; sourceTree = "<group>"; };
		89AC97CE1F5BE59F00E82952 /* UIColor+LLHex.h */ = {isa = PBXFileReference; fileEncoding = 4; lastKnownFileType = sourcecode.c.h; path = "UIColor+LLHex.h"; sourceTree = "<group>"; };
		89AC97CF1F5BE59F00E82952 /* UIColor+LLHex.m */ = {isa = PBXFileReference; fileEncoding = 4; lastKnownFileType = sourcecode.c.objc; path = "UIColor+LLHex.m"; sourceTree = "<group>"; };
		89AC97D01F5BE59F00E82952 /* UIView+LLRect.h */ = {isa = PBXFileReference; fileEncoding = 4; lastKnownFileType = sourcecode.c.h; path = "UIView+LLRect.h"; sourceTree = "<group>"; };
		89AC97D11F5BE59F00E82952 /* UIView+LLRect.m */ = {isa = PBXFileReference; fileEncoding = 4; lastKnownFileType = sourcecode.c.objc; path = "UIView+LLRect.m"; sourceTree = "<group>"; };
		89AC97DB1F5BFCD900E82952 /* LLTestViewController.h */ = {isa = PBXFileReference; fileEncoding = 4; lastKnownFileType = sourcecode.c.h; path = LLTestViewController.h; sourceTree = "<group>"; };
		89AC97DC1F5BFCD900E82952 /* LLTestViewController.m */ = {isa = PBXFileReference; fileEncoding = 4; lastKnownFileType = sourcecode.c.objc; path = LLTestViewController.m; sourceTree = "<group>"; };
		89CA87801F4C41B10011F1FE /* LLNaviSearchBaseVC.h */ = {isa = PBXFileReference; fileEncoding = 4; lastKnownFileType = sourcecode.c.h; path = LLNaviSearchBaseVC.h; sourceTree = "<group>"; };
		89CA87811F4C41B10011F1FE /* LLNaviSearchBaseVC.m */ = {isa = PBXFileReference; fileEncoding = 4; lastKnownFileType = sourcecode.c.objc; path = LLNaviSearchBaseVC.m; sourceTree = "<group>"; };
/* End PBXFileReference section */

/* Begin PBXFrameworksBuildPhase section */
		898714CF1F4ACAFC00795527 /* Frameworks */ = {
			isa = PBXFrameworksBuildPhase;
			buildActionMask = 2147483647;
			files = (
			);
			runOnlyForDeploymentPostprocessing = 0;
		};
		898714E81F4ACAFC00795527 /* Frameworks */ = {
			isa = PBXFrameworksBuildPhase;
			buildActionMask = 2147483647;
			files = (
			);
			runOnlyForDeploymentPostprocessing = 0;
		};
		898714F31F4ACAFC00795527 /* Frameworks */ = {
			isa = PBXFrameworksBuildPhase;
			buildActionMask = 2147483647;
			files = (
			);
			runOnlyForDeploymentPostprocessing = 0;
		};
/* End PBXFrameworksBuildPhase section */

/* Begin PBXGroup section */
		8959E7891F4C238A0025D57A /* LLSearchViewControllerBase */ = {
			isa = PBXGroup;
			children = (
				8959E78A1F4C238A0025D57A /* ExtensionPresenter */,
				8959E78F1F4C238A0025D57A /* ExtensionView */,
				8959E79B1F4C238A0025D57A /* SearchBar */,
				8959E79E1F4C238A0025D57A /* SearchNaviBarView */,
				8959E7A11F4C238A0025D57A /* SearchSavePresenter */,
				8959E7A41F4C238A0025D57A /* SearchVC */,
				8959E7CE1F4C23ED0025D57A /* Utils */,
				8959E7961F4C238A0025D57A /* search_icon */,
			);
			path = LLSearchViewControllerBase;
			sourceTree = "<group>";
		};
		8959E78A1F4C238A0025D57A /* ExtensionPresenter */ = {
			isa = PBXGroup;
			children = (
				8959E78D1F4C238A0025D57A /* NBSSearchShopCategoryViewCellP.h */,
				8959E78E1F4C238A0025D57A /* NBSSearchShopCategoryViewCellP.m */,
			);
			path = ExtensionPresenter;
			sourceTree = "<group>";
		};
		8959E78F1F4C238A0025D57A /* ExtensionView */ = {
			isa = PBXGroup;
			children = (
				8959E7901F4C238A0025D57A /* NBSSearchShopCategoryView.h */,
				8959E7911F4C238A0025D57A /* NBSSearchShopCategoryView.m */,
				8959E7921F4C238A0025D57A /* NBSSearchShopHistoryView.h */,
				8959E7931F4C238A0025D57A /* NBSSearchShopHistoryView.m */,
				8959E7941F4C238A0025D57A /* LLSearchResultListView.h */,
				8959E7951F4C238A0025D57A /* LLSearchResultListView.m */,
			);
			path = ExtensionView;
			sourceTree = "<group>";
		};
		8959E7961F4C238A0025D57A /* search_icon */ = {
			isa = PBXGroup;
			children = (
				8959E7971F4C238A0025D57A /* clearImage@2x.png */,
				8959E7981F4C238A0025D57A /* clearImage@3x.png */,
				8959E7991F4C238A0025D57A /* search@2x.png */,
				8959E79A1F4C238A0025D57A /* search@3x.png */,
			);
			path = search_icon;
			sourceTree = "<group>";
		};
		8959E79B1F4C238A0025D57A /* SearchBar */ = {
			isa = PBXGroup;
			children = (
				8959E79C1F4C238A0025D57A /* LLSearchBar.h */,
				8959E79D1F4C238A0025D57A /* LLSearchBar.m */,
			);
			path = SearchBar;
			sourceTree = "<group>";
		};
		8959E79E1F4C238A0025D57A /* SearchNaviBarView */ = {
			isa = PBXGroup;
			children = (
				8959E79F1F4C238A0025D57A /* LLSearchNaviBarView.h */,
				8959E7A01F4C238A0025D57A /* LLSearchNaviBarView.m */,
			);
			path = SearchNaviBarView;
			sourceTree = "<group>";
		};
		8959E7A11F4C238A0025D57A /* SearchSavePresenter */ = {
			isa = PBXGroup;
			children = (
				8959E7A21F4C238A0025D57A /* LLNaviSearchHistorySaveBasePresenter.h */,
				8959E7A31F4C238A0025D57A /* LLNaviSearchHistorySaveBasePresenter.m */,
			);
			path = SearchSavePresenter;
			sourceTree = "<group>";
		};
		8959E7A41F4C238A0025D57A /* SearchVC */ = {
			isa = PBXGroup;
			children = (
				89CA87801F4C41B10011F1FE /* LLNaviSearchBaseVC.h */,
				89CA87811F4C41B10011F1FE /* LLNaviSearchBaseVC.m */,
			);
			path = SearchVC;
			sourceTree = "<group>";
		};
		8959E7CE1F4C23ED0025D57A /* Utils */ = {
			isa = PBXGroup;
			children = (
				89AC97CB1F5BE59F00E82952 /* Category */,
				8959E7D11F4C23ED0025D57A /* LLSearchHistorySaveUtils.h */,
				8959E7D21F4C23ED0025D57A /* LLSearchHistorySaveUtils.m */,
				8959E7D31F4C23ED0025D57A /* LLTagViewUtils.h */,
				8959E7D41F4C23ED0025D57A /* LLTagViewUtils.m */,
			);
			path = Utils;
			sourceTree = "<group>";
		};
		8959E7DE1F4C24A10025D57A /* Class */ = {
			isa = PBXGroup;
			children = (
				89AC97C51F5BBCE800E82952 /* Base */,
				8959E7DF1F4C24B50025D57A /* CommonVC */,
				8959E7E51F4C28210025D57A /* Const */,
				8959E7E31F4C25430025D57A /* MainVC */,
				8959E7E01F4C24CC0025D57A /* SearchVC */,
			);
			path = Class;
			sourceTree = "<group>";
		};
		8959E7DF1F4C24B50025D57A /* CommonVC */ = {
			isa = PBXGroup;
			children = (
				8959E7261F4BFE350025D57A /* CategoryAndHistoryVC.h */,
				8959E7271F4BFE350025D57A /* CategoryAndHistoryVC.m */,
				89AC97DB1F5BFCD900E82952 /* LLTestViewController.h */,
				89AC97DC1F5BFCD900E82952 /* LLTestViewController.m */,
				8959E72B1F4BFE5E0025D57A /* HistoryVC.h */,
				8959E72C1F4BFE5E0025D57A /* HistoryVC.m */,
				8959E7301F4C12250025D57A /* HistoryAnimationVC.h */,
				8959E7311F4C12250025D57A /* HistoryAnimationVC.m */,
				898714DB1F4ACAFC00795527 /* ViewController.h */,
				898714DC1F4ACAFC00795527 /* ViewController.m */,
				898714DE1F4ACAFC00795527 /* Main.storyboard */,
			);
			path = CommonVC;
			sourceTree = "<group>";
		};
		8959E7E01F4C24CC0025D57A /* SearchVC */ = {
			isa = PBXGroup;
			children = (
				8959E7E41F4C25680025D57A /* Model */,
				8959E7E11F4C24E90025D57A /* Presenter */,
				8959E7F21F4C3A220025D57A /* HistorySearchVC.h */,
				8959E7F31F4C3A220025D57A /* HistorySearchVC.m */,
				8959E7F71F4C3A560025D57A /* HistoryAndCategorySearchVC.h */,
				8959E7F81F4C3A560025D57A /* HistoryAndCategorySearchVC.m */,
			);
			path = SearchVC;
			sourceTree = "<group>";
		};
		8959E7E11F4C24E90025D57A /* Presenter */ = {
			isa = PBXGroup;
			children = (
				8959E81A1F4C3B560025D57A /* HistoryAndCategorySearchCategoryViewP.h */,
				8959E81B1F4C3B560025D57A /* HistoryAndCategorySearchCategoryViewP.m */,
				8959E81F1F4C3B6D0025D57A /* HistoryAndCategorySearchHistroyViewP.h */,
				8959E8201F4C3B6D0025D57A /* HistoryAndCategorySearchHistroyViewP.m */,
				8959E8241F4C3B780025D57A /* HistorySearchHistroyViewP.h */,
				8959E8251F4C3B780025D57A /* HistorySearchHistroyViewP.m */,
			);
			path = Presenter;
			sourceTree = "<group>";
		};
		8959E7E31F4C25430025D57A /* MainVC */ = {
			isa = PBXGroup;
			children = (
				898714D81F4ACAFC00795527 /* AppDelegate.h */,
				898714D91F4ACAFC00795527 /* AppDelegate.m */,
			);
			path = MainVC;
			sourceTree = "<group>";
		};
		8959E7E41F4C25680025D57A /* Model */ = {
			isa = PBXGroup;
			children = (
				8959E8291F4C3F0C0025D57A /* TagTypeModel.h */,
				8959E82A1F4C3F0C0025D57A /* TagTypeModel.m */,
			);
			path = Model;
			sourceTree = "<group>";
		};
		8959E7E51F4C28210025D57A /* Const */ = {
			isa = PBXGroup;
			children = (
				8959E7E61F4C28310025D57A /* ZYHTFileNameConst.h */,
				8959E7E71F4C28310025D57A /* ZYHTFileNameConst.m */,
			);
			path = Const;
			sourceTree = "<group>";
		};
		898714C91F4ACAFC00795527 = {
			isa = PBXGroup;
			children = (
				898714D41F4ACAFC00795527 /* LLSearchViewController */,
				898714EE1F4ACAFC00795527 /* LLSearchViewControllerTests */,
				898714F91F4ACAFC00795527 /* LLSearchViewControllerUITests */,
				898714D31F4ACAFC00795527 /* Products */,
			);
			sourceTree = "<group>";
		};
		898714D31F4ACAFC00795527 /* Products */ = {
			isa = PBXGroup;
			children = (
				898714D21F4ACAFC00795527 /* LLSearchViewController.app */,
				898714EB1F4ACAFC00795527 /* LLSearchViewControllerTests.xctest */,
				898714F61F4ACAFC00795527 /* LLSearchViewControllerUITests.xctest */,
			);
			name = Products;
			sourceTree = "<group>";
		};
		898714D41F4ACAFC00795527 /* LLSearchViewController */ = {
			isa = PBXGroup;
			children = (
				8959E7DE1F4C24A10025D57A /* Class */,
				8959E7891F4C238A0025D57A /* LLSearchViewControllerBase */,
				898714D51F4ACAFC00795527 /* Supporting Files */,
				898714E11F4ACAFC00795527 /* Assets.xcassets */,
				898714E61F4ACAFC00795527 /* Info.plist */,
				898714E31F4ACAFC00795527 /* LaunchScreen.storyboard */,
			);
			path = LLSearchViewController;
			sourceTree = "<group>";
		};
		898714D51F4ACAFC00795527 /* Supporting Files */ = {
			isa = PBXGroup;
			children = (
				898714D61F4ACAFC00795527 /* main.m */,
			);
			path = "Supporting Files";
			sourceTree = "<group>";
		};
		898714EE1F4ACAFC00795527 /* LLSearchViewControllerTests */ = {
			isa = PBXGroup;
			children = (
				898714F11F4ACAFC00795527 /* Info.plist */,
				898714EF1F4ACAFC00795527 /* LLSearchViewControllerTests.m */,
			);
			path = LLSearchViewControllerTests;
			sourceTree = "<group>";
		};
		898714F91F4ACAFC00795527 /* LLSearchViewControllerUITests */ = {
			isa = PBXGroup;
			children = (
				898714FC1F4ACAFC00795527 /* Info.plist */,
				898714FA1F4ACAFC00795527 /* LLSearchViewControllerUITests.m */,
			);
			path = LLSearchViewControllerUITests;
			sourceTree = "<group>";
		};
		89AC97C51F5BBCE800E82952 /* Base */ = {
			isa = PBXGroup;
			children = (
				89AC97C61F5BBCEF00E82952 /* BaseCommonSearchVC.h */,
				89AC97C71F5BBCEF00E82952 /* BaseCommonSearchVC.m */,
			);
			path = Base;
			sourceTree = "<group>";
		};
		89AC97CB1F5BE59F00E82952 /* Category */ = {
			isa = PBXGroup;
			children = (
				89AC97CC1F5BE59F00E82952 /* LLSearchVCConst.h */,
				89AC97CD1F5BE59F00E82952 /* LLSearchVCConst.m */,
				89AC97CE1F5BE59F00E82952 /* UIColor+LLHex.h */,
				89AC97CF1F5BE59F00E82952 /* UIColor+LLHex.m */,
				89AC97D01F5BE59F00E82952 /* UIView+LLRect.h */,
				89AC97D11F5BE59F00E82952 /* UIView+LLRect.m */,
			);
			path = Category;
			sourceTree = "<group>";
		};
/* End PBXGroup section */

/* Begin PBXNativeTarget section */
		898714D11F4ACAFC00795527 /* LLSearchViewController */ = {
			isa = PBXNativeTarget;
			buildConfigurationList = 898714FF1F4ACAFC00795527 /* Build configuration list for PBXNativeTarget "LLSearchViewController" */;
			buildPhases = (
				898714CE1F4ACAFC00795527 /* Sources */,
				898714CF1F4ACAFC00795527 /* Frameworks */,
				898714D01F4ACAFC00795527 /* Resources */,
			);
			buildRules = (
			);
			dependencies = (
			);
			name = LLSearchViewController;
			productName = LLSearchViewController;
			productReference = 898714D21F4ACAFC00795527 /* LLSearchViewController.app */;
			productType = "com.apple.product-type.application";
		};
		898714EA1F4ACAFC00795527 /* LLSearchViewControllerTests */ = {
			isa = PBXNativeTarget;
			buildConfigurationList = 898715021F4ACAFC00795527 /* Build configuration list for PBXNativeTarget "LLSearchViewControllerTests" */;
			buildPhases = (
				898714E71F4ACAFC00795527 /* Sources */,
				898714E81F4ACAFC00795527 /* Frameworks */,
				898714E91F4ACAFC00795527 /* Resources */,
			);
			buildRules = (
			);
			dependencies = (
				898714ED1F4ACAFC00795527 /* PBXTargetDependency */,
			);
			name = LLSearchViewControllerTests;
			productName = LLSearchViewControllerTests;
			productReference = 898714EB1F4ACAFC00795527 /* LLSearchViewControllerTests.xctest */;
			productType = "com.apple.product-type.bundle.unit-test";
		};
		898714F51F4ACAFC00795527 /* LLSearchViewControllerUITests */ = {
			isa = PBXNativeTarget;
			buildConfigurationList = 898715051F4ACAFC00795527 /* Build configuration list for PBXNativeTarget "LLSearchViewControllerUITests" */;
			buildPhases = (
				898714F21F4ACAFC00795527 /* Sources */,
				898714F31F4ACAFC00795527 /* Frameworks */,
				898714F41F4ACAFC00795527 /* Resources */,
			);
			buildRules = (
			);
			dependencies = (
				898714F81F4ACAFC00795527 /* PBXTargetDependency */,
			);
			name = LLSearchViewControllerUITests;
			productName = LLSearchViewControllerUITests;
			productReference = 898714F61F4ACAFC00795527 /* LLSearchViewControllerUITests.xctest */;
			productType = "com.apple.product-type.bundle.ui-testing";
		};
/* End PBXNativeTarget section */

/* Begin PBXProject section */
		898714CA1F4ACAFC00795527 /* Project object */ = {
			isa = PBXProject;
			attributes = {
				LastUpgradeCheck = 0830;
				ORGANIZATIONNAME = "李龙";
				TargetAttributes = {
					898714D11F4ACAFC00795527 = {
						CreatedOnToolsVersion = 8.3.2;
						DevelopmentTeam = ZHR3SCPQ6E;
						ProvisioningStyle = Automatic;
					};
					898714EA1F4ACAFC00795527 = {
						CreatedOnToolsVersion = 8.3.2;
						DevelopmentTeam = ZHR3SCPQ6E;
						ProvisioningStyle = Automatic;
						TestTargetID = 898714D11F4ACAFC00795527;
					};
					898714F51F4ACAFC00795527 = {
						CreatedOnToolsVersion = 8.3.2;
						DevelopmentTeam = ZHR3SCPQ6E;
						ProvisioningStyle = Automatic;
						TestTargetID = 898714D11F4ACAFC00795527;
					};
				};
			};
			buildConfigurationList = 898714CD1F4ACAFC00795527 /* Build configuration list for PBXProject "LLSearchViewController" */;
			compatibilityVersion = "Xcode 3.2";
			developmentRegion = English;
			hasScannedForEncodings = 0;
			knownRegions = (
				en,
				Base,
			);
			mainGroup = 898714C91F4ACAFC00795527;
			productRefGroup = 898714D31F4ACAFC00795527 /* Products */;
			projectDirPath = "";
			projectRoot = "";
			targets = (
				898714D11F4ACAFC00795527 /* LLSearchViewController */,
				898714EA1F4ACAFC00795527 /* LLSearchViewControllerTests */,
				898714F51F4ACAFC00795527 /* LLSearchViewControllerUITests */,
			);
		};
/* End PBXProject section */

/* Begin PBXResourcesBuildPhase section */
		898714D01F4ACAFC00795527 /* Resources */ = {
			isa = PBXResourcesBuildPhase;
			buildActionMask = 2147483647;
			files = (
				8959E7BC1F4C238A0025D57A /* search@2x.png in Resources */,
				8959E7BF1F4C238A0025D57A /* search@3x.png in Resources */,
				8959E7B61F4C238A0025D57A /* clearImage@2x.png in Resources */,
				898714E51F4ACAFC00795527 /* LaunchScreen.storyboard in Resources */,
				898714E21F4ACAFC00795527 /* Assets.xcassets in Resources */,
				898714E01F4ACAFC00795527 /* Main.storyboard in Resources */,
				8959E7B91F4C238A0025D57A /* clearImage@3x.png in Resources */,
			);
			runOnlyForDeploymentPostprocessing = 0;
		};
		898714E91F4ACAFC00795527 /* Resources */ = {
			isa = PBXResourcesBuildPhase;
			buildActionMask = 2147483647;
			files = (
				8959E7BD1F4C238A0025D57A /* search@2x.png in Resources */,
				8959E7C01F4C238A0025D57A /* search@3x.png in Resources */,
				8959E7B71F4C238A0025D57A /* clearImage@2x.png in Resources */,
				8959E7BA1F4C238A0025D57A /* clearImage@3x.png in Resources */,
			);
			runOnlyForDeploymentPostprocessing = 0;
		};
		898714F41F4ACAFC00795527 /* Resources */ = {
			isa = PBXResourcesBuildPhase;
			buildActionMask = 2147483647;
			files = (
				8959E7BE1F4C238A0025D57A /* search@2x.png in Resources */,
				8959E7C11F4C238A0025D57A /* search@3x.png in Resources */,
				8959E7B81F4C238A0025D57A /* clearImage@2x.png in Resources */,
				8959E7BB1F4C238A0025D57A /* clearImage@3x.png in Resources */,
			);
			runOnlyForDeploymentPostprocessing = 0;
		};
/* End PBXResourcesBuildPhase section */

/* Begin PBXSourcesBuildPhase section */
		898714CE1F4ACAFC00795527 /* Sources */ = {
			isa = PBXSourcesBuildPhase;
			buildActionMask = 2147483647;
			files = (
				898714DD1F4ACAFC00795527 /* ViewController.m in Sources */,
				8959E8211F4C3B6D0025D57A /* HistoryAndCategorySearchHistroyViewP.m in Sources */,
				89AC97D81F5BE59F00E82952 /* UIView+LLRect.m in Sources */,
				8959E82B1F4C3F0C0025D57A /* TagTypeModel.m in Sources */,
				898714DA1F4ACAFC00795527 /* AppDelegate.m in Sources */,
				8959E7321F4C12250025D57A /* HistoryAnimationVC.m in Sources */,
				8959E7C51F4C238A0025D57A /* LLSearchNaviBarView.m in Sources */,
				89CA87821F4C41B10011F1FE /* LLNaviSearchBaseVC.m in Sources */,
				8959E7AD1F4C238A0025D57A /* NBSSearchShopCategoryView.m in Sources */,
				8959E7C81F4C238A0025D57A /* LLNaviSearchHistorySaveBasePresenter.m in Sources */,
				89AC97C81F5BBCEF00E82952 /* BaseCommonSearchVC.m in Sources */,
				89AC97D51F5BE59F00E82952 /* UIColor+LLHex.m in Sources */,
				8959E7C21F4C238A0025D57A /* LLSearchBar.m in Sources */,
				8959E7281F4BFE350025D57A /* CategoryAndHistoryVC.m in Sources */,
				8959E7E81F4C28310025D57A /* ZYHTFileNameConst.m in Sources */,
				89AC97D21F5BE59F00E82952 /* LLSearchVCConst.m in Sources */,
				8959E7DB1F4C23ED0025D57A /* LLTagViewUtils.m in Sources */,
				8959E7AA1F4C238A0025D57A /* NBSSearchShopCategoryViewCellP.m in Sources */,
				8959E7B31F4C238A0025D57A /* LLSearchResultListView.m in Sources */,
				8959E7F41F4C3A220025D57A /* HistorySearchVC.m in Sources */,
				8959E7F91F4C3A560025D57A /* HistoryAndCategorySearchVC.m in Sources */,
				89AC97DD1F5BFCD900E82952 /* LLTestViewController.m in Sources */,
				898714D71F4ACAFC00795527 /* main.m in Sources */,
				8959E72D1F4BFE5E0025D57A /* HistoryVC.m in Sources */,
				8959E81C1F4C3B560025D57A /* HistoryAndCategorySearchCategoryViewP.m in Sources */,
				8959E7B01F4C238A0025D57A /* NBSSearchShopHistoryView.m in Sources */,
				8959E8261F4C3B780025D57A /* HistorySearchHistroyViewP.m in Sources */,
				8959E7D81F4C23ED0025D57A /* LLSearchHistorySaveUtils.m in Sources */,
			);
			runOnlyForDeploymentPostprocessing = 0;
		};
		898714E71F4ACAFC00795527 /* Sources */ = {
			isa = PBXSourcesBuildPhase;
			buildActionMask = 2147483647;
			files = (
				8959E7C91F4C238A0025D57A /* LLNaviSearchHistorySaveBasePresenter.m in Sources */,
				8959E7B11F4C238A0025D57A /* NBSSearchShopHistoryView.m in Sources */,
				8959E7E91F4C28310025D57A /* ZYHTFileNameConst.m in Sources */,
				8959E72E1F4BFE5E0025D57A /* HistoryVC.m in Sources */,
				8959E7C61F4C238A0025D57A /* LLSearchNaviBarView.m in Sources */,
				8959E82C1F4C3F0C0025D57A /* TagTypeModel.m in Sources */,
				8959E7F51F4C3A220025D57A /* HistorySearchVC.m in Sources */,
				8959E7291F4BFE350025D57A /* CategoryAndHistoryVC.m in Sources */,
				8959E8221F4C3B6D0025D57A /* HistoryAndCategorySearchHistroyViewP.m in Sources */,
				898714F01F4ACAFC00795527 /* LLSearchViewControllerTests.m in Sources */,
				8959E7DC1F4C23ED0025D57A /* LLTagViewUtils.m in Sources */,
				8959E7FA1F4C3A560025D57A /* HistoryAndCategorySearchVC.m in Sources */,
				89AC97C91F5BBCEF00E82952 /* BaseCommonSearchVC.m in Sources */,
				8959E7B41F4C238A0025D57A /* LLSearchResultListView.m in Sources */,
				8959E7D91F4C23ED0025D57A /* LLSearchHistorySaveUtils.m in Sources */,
				89AC97D61F5BE59F00E82952 /* UIColor+LLHex.m in Sources */,
				89AC97DE1F5BFCD900E82952 /* LLTestViewController.m in Sources */,
				8959E7331F4C12250025D57A /* HistoryAnimationVC.m in Sources */,
				8959E8271F4C3B780025D57A /* HistorySearchHistroyViewP.m in Sources */,
				8959E7C31F4C238A0025D57A /* LLSearchBar.m in Sources */,
				8959E7AE1F4C238A0025D57A /* NBSSearchShopCategoryView.m in Sources */,
				89AC97D91F5BE59F00E82952 /* UIView+LLRect.m in Sources */,
				89AC97D31F5BE59F00E82952 /* LLSearchVCConst.m in Sources */,
				8959E81D1F4C3B560025D57A /* HistoryAndCategorySearchCategoryViewP.m in Sources */,
				89CA87831F4C41B10011F1FE /* LLNaviSearchBaseVC.m in Sources */,
				8959E7AB1F4C238A0025D57A /* NBSSearchShopCategoryViewCellP.m in Sources */,
			);
			runOnlyForDeploymentPostprocessing = 0;
		};
		898714F21F4ACAFC00795527 /* Sources */ = {
			isa = PBXSourcesBuildPhase;
			buildActionMask = 2147483647;
			files = (
				8959E7CA1F4C238A0025D57A /* LLNaviSearchHistorySaveBasePresenter.m in Sources */,
				8959E7B21F4C238A0025D57A /* NBSSearchShopHistoryView.m in Sources */,
				8959E7EA1F4C28310025D57A /* ZYHTFileNameConst.m in Sources */,
				8959E72F1F4BFE5E0025D57A /* HistoryVC.m in Sources */,
				8959E7C71F4C238A0025D57A /* LLSearchNaviBarView.m in Sources */,
				8959E82D1F4C3F0C0025D57A /* TagTypeModel.m in Sources */,
				8959E7F61F4C3A220025D57A /* HistorySearchVC.m in Sources */,
				8959E72A1F4BFE350025D57A /* CategoryAndHistoryVC.m in Sources */,
				8959E8231F4C3B6D0025D57A /* HistoryAndCategorySearchHistroyViewP.m in Sources */,
				898714FB1F4ACAFC00795527 /* LLSearchViewControllerUITests.m in Sources */,
				8959E7DD1F4C23ED0025D57A /* LLTagViewUtils.m in Sources */,
				8959E7FB1F4C3A560025D57A /* HistoryAndCategorySearchVC.m in Sources */,
				89AC97CA1F5BBCEF00E82952 /* BaseCommonSearchVC.m in Sources */,
				8959E7B51F4C238A0025D57A /* LLSearchResultListView.m in Sources */,
				8959E7DA1F4C23ED0025D57A /* LLSearchHistorySaveUtils.m in Sources */,
				89AC97D71F5BE59F00E82952 /* UIColor+LLHex.m in Sources */,
				89AC97DF1F5BFCD900E82952 /* LLTestViewController.m in Sources */,
				8959E7341F4C12250025D57A /* HistoryAnimationVC.m in Sources */,
				8959E8281F4C3B780025D57A /* HistorySearchHistroyViewP.m in Sources */,
				8959E7C41F4C238A0025D57A /* LLSearchBar.m in Sources */,
				8959E7AF1F4C238A0025D57A /* NBSSearchShopCategoryView.m in Sources */,
				89AC97DA1F5BE59F00E82952 /* UIView+LLRect.m in Sources */,
				89AC97D41F5BE59F00E82952 /* LLSearchVCConst.m in Sources */,
				8959E81E1F4C3B560025D57A /* HistoryAndCategorySearchCategoryViewP.m in Sources */,
				89CA87841F4C41B10011F1FE /* LLNaviSearchBaseVC.m in Sources */,
				8959E7AC1F4C238A0025D57A /* NBSSearchShopCategoryViewCellP.m in Sources */,
			);
			runOnlyForDeploymentPostprocessing = 0;
		};
/* End PBXSourcesBuildPhase section */

/* Begin PBXTargetDependency section */
		898714ED1F4ACAFC00795527 /* PBXTargetDependency */ = {
			isa = PBXTargetDependency;
			target = 898714D11F4ACAFC00795527 /* LLSearchViewController */;
			targetProxy = 898714EC1F4ACAFC00795527 /* PBXContainerItemProxy */;
		};
		898714F81F4ACAFC00795527 /* PBXTargetDependency */ = {
			isa = PBXTargetDependency;
			target = 898714D11F4ACAFC00795527 /* LLSearchViewController */;
			targetProxy = 898714F71F4ACAFC00795527 /* PBXContainerItemProxy */;
		};
/* End PBXTargetDependency section */

/* Begin PBXVariantGroup section */
		898714DE1F4ACAFC00795527 /* Main.storyboard */ = {
			isa = PBXVariantGroup;
			children = (
				898714DF1F4ACAFC00795527 /* Base */,
			);
			name = Main.storyboard;
			path = .;
			sourceTree = "<group>";
		};
		898714E31F4ACAFC00795527 /* LaunchScreen.storyboard */ = {
			isa = PBXVariantGroup;
			children = (
				898714E41F4ACAFC00795527 /* Base */,
			);
			name = LaunchScreen.storyboard;
			path = .;
			sourceTree = "<group>";
		};
/* End PBXVariantGroup section */

/* Begin XCBuildConfiguration section */
		898714FD1F4ACAFC00795527 /* Debug */ = {
			isa = XCBuildConfiguration;
			buildSettings = {
				ALWAYS_SEARCH_USER_PATHS = NO;
				CLANG_ANALYZER_NONNULL = YES;
				CLANG_ANALYZER_NUMBER_OBJECT_CONVERSION = YES_AGGRESSIVE;
				CLANG_CXX_LANGUAGE_STANDARD = "gnu++0x";
				CLANG_CXX_LIBRARY = "libc++";
				CLANG_ENABLE_MODULES = YES;
				CLANG_ENABLE_OBJC_ARC = YES;
				CLANG_WARN_BOOL_CONVERSION = YES;
				CLANG_WARN_CONSTANT_CONVERSION = YES;
				CLANG_WARN_DIRECT_OBJC_ISA_USAGE = YES_ERROR;
				CLANG_WARN_DOCUMENTATION_COMMENTS = YES;
				CLANG_WARN_EMPTY_BODY = YES;
				CLANG_WARN_ENUM_CONVERSION = YES;
				CLANG_WARN_INFINITE_RECURSION = YES;
				CLANG_WARN_INT_CONVERSION = YES;
				CLANG_WARN_OBJC_ROOT_CLASS = YES_ERROR;
				CLANG_WARN_SUSPICIOUS_MOVE = YES;
				CLANG_WARN_UNREACHABLE_CODE = YES;
				CLANG_WARN__DUPLICATE_METHOD_MATCH = YES;
				"CODE_SIGN_IDENTITY[sdk=iphoneos*]" = "iPhone Developer";
				COPY_PHASE_STRIP = NO;
				DEBUG_INFORMATION_FORMAT = dwarf;
				ENABLE_STRICT_OBJC_MSGSEND = YES;
				ENABLE_TESTABILITY = YES;
				GCC_C_LANGUAGE_STANDARD = gnu99;
				GCC_DYNAMIC_NO_PIC = NO;
				GCC_NO_COMMON_BLOCKS = YES;
				GCC_OPTIMIZATION_LEVEL = 0;
				GCC_PREPROCESSOR_DEFINITIONS = (
					"DEBUG=1",
					"$(inherited)",
				);
				GCC_WARN_64_TO_32_BIT_CONVERSION = YES;
				GCC_WARN_ABOUT_RETURN_TYPE = YES_ERROR;
				GCC_WARN_UNDECLARED_SELECTOR = YES;
				GCC_WARN_UNINITIALIZED_AUTOS = YES_AGGRESSIVE;
				GCC_WARN_UNUSED_FUNCTION = YES;
				GCC_WARN_UNUSED_VARIABLE = YES;
				IPHONEOS_DEPLOYMENT_TARGET = 10.3;
				MTL_ENABLE_DEBUG_INFO = YES;
				ONLY_ACTIVE_ARCH = YES;
				SDKROOT = iphoneos;
				TARGETED_DEVICE_FAMILY = "1,2";
			};
			name = Debug;
		};
		898714FE1F4ACAFC00795527 /* Release */ = {
			isa = XCBuildConfiguration;
			buildSettings = {
				ALWAYS_SEARCH_USER_PATHS = NO;
				CLANG_ANALYZER_NONNULL = YES;
				CLANG_ANALYZER_NUMBER_OBJECT_CONVERSION = YES_AGGRESSIVE;
				CLANG_CXX_LANGUAGE_STANDARD = "gnu++0x";
				CLANG_CXX_LIBRARY = "libc++";
				CLANG_ENABLE_MODULES = YES;
				CLANG_ENABLE_OBJC_ARC = YES;
				CLANG_WARN_BOOL_CONVERSION = YES;
				CLANG_WARN_CONSTANT_CONVERSION = YES;
				CLANG_WARN_DIRECT_OBJC_ISA_USAGE = YES_ERROR;
				CLANG_WARN_DOCUMENTATION_COMMENTS = YES;
				CLANG_WARN_EMPTY_BODY = YES;
				CLANG_WARN_ENUM_CONVERSION = YES;
				CLANG_WARN_INFINITE_RECURSION = YES;
				CLANG_WARN_INT_CONVERSION = YES;
				CLANG_WARN_OBJC_ROOT_CLASS = YES_ERROR;
				CLANG_WARN_SUSPICIOUS_MOVE = YES;
				CLANG_WARN_UNREACHABLE_CODE = YES;
				CLANG_WARN__DUPLICATE_METHOD_MATCH = YES;
				"CODE_SIGN_IDENTITY[sdk=iphoneos*]" = "iPhone Developer";
				COPY_PHASE_STRIP = NO;
				DEBUG_INFORMATION_FORMAT = "dwarf-with-dsym";
				ENABLE_NS_ASSERTIONS = NO;
				ENABLE_STRICT_OBJC_MSGSEND = YES;
				GCC_C_LANGUAGE_STANDARD = gnu99;
				GCC_NO_COMMON_BLOCKS = YES;
				GCC_WARN_64_TO_32_BIT_CONVERSION = YES;
				GCC_WARN_ABOUT_RETURN_TYPE = YES_ERROR;
				GCC_WARN_UNDECLARED_SELECTOR = YES;
				GCC_WARN_UNINITIALIZED_AUTOS = YES_AGGRESSIVE;
				GCC_WARN_UNUSED_FUNCTION = YES;
				GCC_WARN_UNUSED_VARIABLE = YES;
				IPHONEOS_DEPLOYMENT_TARGET = 10.3;
				MTL_ENABLE_DEBUG_INFO = NO;
				SDKROOT = iphoneos;
				TARGETED_DEVICE_FAMILY = "1,2";
				VALIDATE_PRODUCT = YES;
			};
			name = Release;
		};
		898715001F4ACAFC00795527 /* Debug */ = {
			isa = XCBuildConfiguration;
			buildSettings = {
				ASSETCATALOG_COMPILER_APPICON_NAME = AppIcon;
				DEVELOPMENT_TEAM = ZHR3SCPQ6E;
				INFOPLIST_FILE = LLSearchViewController/Info.plist;
				LD_RUNPATH_SEARCH_PATHS = "$(inherited) @executable_path/Frameworks";
				PRODUCT_BUNDLE_IDENTIFIER = com.zhuoyunkeji.LLSearchViewController;
				PRODUCT_NAME = "$(TARGET_NAME)";
			};
			name = Debug;
		};
		898715011F4ACAFC00795527 /* Release */ = {
			isa = XCBuildConfiguration;
			buildSettings = {
				ASSETCATALOG_COMPILER_APPICON_NAME = AppIcon;
				DEVELOPMENT_TEAM = ZHR3SCPQ6E;
				INFOPLIST_FILE = LLSearchViewController/Info.plist;
				LD_RUNPATH_SEARCH_PATHS = "$(inherited) @executable_path/Frameworks";
				PRODUCT_BUNDLE_IDENTIFIER = com.zhuoyunkeji.LLSearchViewController;
				PRODUCT_NAME = "$(TARGET_NAME)";
			};
			name = Release;
		};
		898715031F4ACAFC00795527 /* Debug */ = {
			isa = XCBuildConfiguration;
			buildSettings = {
				BUNDLE_LOADER = "$(TEST_HOST)";
				DEVELOPMENT_TEAM = ZHR3SCPQ6E;
				INFOPLIST_FILE = LLSearchViewControllerTests/Info.plist;
				LD_RUNPATH_SEARCH_PATHS = "$(inherited) @executable_path/Frameworks @loader_path/Frameworks";
				PRODUCT_BUNDLE_IDENTIFIER = com.zhuoyunkeji.LLSearchViewControllerTests;
				PRODUCT_NAME = "$(TARGET_NAME)";
				TEST_HOST = "$(BUILT_PRODUCTS_DIR)/LLSearchViewController.app/LLSearchViewController";
			};
			name = Debug;
		};
		898715041F4ACAFC00795527 /* Release */ = {
			isa = XCBuildConfiguration;
			buildSettings = {
				BUNDLE_LOADER = "$(TEST_HOST)";
				DEVELOPMENT_TEAM = ZHR3SCPQ6E;
				INFOPLIST_FILE = LLSearchViewControllerTests/Info.plist;
				LD_RUNPATH_SEARCH_PATHS = "$(inherited) @executable_path/Frameworks @loader_path/Frameworks";
				PRODUCT_BUNDLE_IDENTIFIER = com.zhuoyunkeji.LLSearchViewControllerTests;
				PRODUCT_NAME = "$(TARGET_NAME)";
				TEST_HOST = "$(BUILT_PRODUCTS_DIR)/LLSearchViewController.app/LLSearchViewController";
			};
			name = Release;
		};
		898715061F4ACAFC00795527 /* Debug */ = {
			isa = XCBuildConfiguration;
			buildSettings = {
				DEVELOPMENT_TEAM = ZHR3SCPQ6E;
				INFOPLIST_FILE = LLSearchViewControllerUITests/Info.plist;
				LD_RUNPATH_SEARCH_PATHS = "$(inherited) @executable_path/Frameworks @loader_path/Frameworks";
				PRODUCT_BUNDLE_IDENTIFIER = com.zhuoyunkeji.LLSearchViewControllerUITests;
				PRODUCT_NAME = "$(TARGET_NAME)";
				TEST_TARGET_NAME = LLSearchViewController;
			};
			name = Debug;
		};
		898715071F4ACAFC00795527 /* Release */ = {
			isa = XCBuildConfiguration;
			buildSettings = {
				DEVELOPMENT_TEAM = ZHR3SCPQ6E;
				INFOPLIST_FILE = LLSearchViewControllerUITests/Info.plist;
				LD_RUNPATH_SEARCH_PATHS = "$(inherited) @executable_path/Frameworks @loader_path/Frameworks";
				PRODUCT_BUNDLE_IDENTIFIER = com.zhuoyunkeji.LLSearchViewControllerUITests;
				PRODUCT_NAME = "$(TARGET_NAME)";
				TEST_TARGET_NAME = LLSearchViewController;
			};
			name = Release;
		};
/* End XCBuildConfiguration section */

/* Begin XCConfigurationList section */
		898714CD1F4ACAFC00795527 /* Build configuration list for PBXProject "LLSearchViewController" */ = {
			isa = XCConfigurationList;
			buildConfigurations = (
				898714FD1F4ACAFC00795527 /* Debug */,
				898714FE1F4ACAFC00795527 /* Release */,
			);
			defaultConfigurationIsVisible = 0;
			defaultConfigurationName = Release;
		};
		898714FF1F4ACAFC00795527 /* Build configuration list for PBXNativeTarget "LLSearchViewController" */ = {
			isa = XCConfigurationList;
			buildConfigurations = (
				898715001F4ACAFC00795527 /* Debug */,
				898715011F4ACAFC00795527 /* Release */,
			);
			defaultConfigurationIsVisible = 0;
			defaultConfigurationName = Release;
		};
		898715021F4ACAFC00795527 /* Build configuration list for PBXNativeTarget "LLSearchViewControllerTests" */ = {
			isa = XCConfigurationList;
			buildConfigurations = (
				898715031F4ACAFC00795527 /* Debug */,
				898715041F4ACAFC00795527 /* Release */,
			);
			defaultConfigurationIsVisible = 0;
			defaultConfigurationName = Release;
		};
		898715051F4ACAFC00795527 /* Build configuration list for PBXNativeTarget "LLSearchViewControllerUITests" */ = {
			isa = XCConfigurationList;
			buildConfigurations = (
				898715061F4ACAFC00795527 /* Debug */,
				898715071F4ACAFC00795527 /* Release */,
			);
			defaultConfigurationIsVisible = 0;
			defaultConfigurationName = Release;
		};
/* End XCConfigurationList section */
	};
	rootObject = 898714CA1F4ACAFC00795527 /* Project object */;
}
